PODS:
  - Action (3.5.0):
    - RxCocoa (~> 4.0)
    - RxSwift (~> 4.0)
  - Alamofire (4.6.0)
  - NSObject+Rx (4.2.0):
    - RxSwift (~> 4.0)
  - PKHUD (5.0.0)
  - RxCocoa (4.1.2):
    - RxSwift (~> 4.0)
  - RxSwift (4.1.2)
  - SwiftyJSON (4.0.0)

DEPENDENCIES:
  - Action
  - Alamofire (~> 4.6)
  - NSObject+Rx
  - PKHUD (~> 5.0)
  - RxCocoa (~> 4.0)
  - RxSwift (~> 4.0)
  - SwiftyJSON

SPEC CHECKSUMS:
  Action: d60087ebce41b969d1afdad01e2fa1372a82f26e
  Alamofire: f41a599bd63041760b26d393ec1069d9d7b917f4
  NSObject+Rx: cbbc05e3cb3ad446cdbced3e00e39c9efaf02925
  PKHUD: 3c001512c6e002091184197a8de7a20420786e3b
  RxCocoa: d88ba0f1f6abf040011a9eb4b539324fc426843a
  RxSwift: e49536837d9901277638493ea537394d4b55f570
  SwiftyJSON: 070dabdcb1beb81b247c65ffa3a79dbbfb3b48aa

PODFILE CHECKSUM: f92f934537f4944af1ad57b3b01f8dc67df27744

COCOAPODS: 1.3.1
